
Microsoft Visual Studio Solution File, Format Version 12.00
Project("{FAE04EC0-301F-11D3-BF4B-00C04F79EFBC}") = "CPG-Level9", "CPG-Level9\CPG-Level9.csproj", "{67146F5A-CB1B-49DB-8E6E-3D056EA90128}"
EndProject
Global
	GlobalSection(SolutionConfigurationPlatforms) = preSolution
		Debug|Any CPU = Debug|Any CPU
		Release|Any CPU = Release|Any CPU
	EndGlobalSection
	GlobalSection(ProjectConfigurationPlatforms) = postSolution
		{67146F5A-CB1B-49DB-8E6E-3D056EA90128}.Debug|Any CPU.ActiveCfg = Debug|Any CPU
		{67146F5A-CB1B-49DB-8E6E-3D056EA90128}.Debug|Any CPU.Build.0 = Debug|Any CPU
		{67146F5A-CB1B-49DB-8E6E-3D056EA90128}.Release|Any CPU.ActiveCfg = Release|Any CPU
		{67146F5A-CB1B-49DB-8E6E-3D056EA90128}.Release|Any CPU.Build.0 = Release|Any CPU
	EndGlobalSection
EndGlobal
