
Microsoft Visual Studio Solution File, Format Version 12.00
Project("{FAE04EC0-301F-11D3-BF4B-00C04F79EFBC}") = "CPG24-PasswordValidator", "CPG24-PasswordValidator\CPG24-PasswordValidator.csproj", "{6277084D-9325-40CD-A566-229E4E14B11A}"
EndProject
Global
	GlobalSection(SolutionConfigurationPlatforms) = preSolution
		Debug|Any CPU = Debug|Any CPU
		Release|Any CPU = Release|Any CPU
	EndGlobalSection
	GlobalSection(ProjectConfigurationPlatforms) = postSolution
		{6277084D-9325-40CD-A566-229E4E14B11A}.Debug|Any CPU.ActiveCfg = Debug|Any CPU
		{6277084D-9325-40CD-A566-229E4E14B11A}.Debug|Any CPU.Build.0 = Debug|Any CPU
		{6277084D-9325-40CD-A566-229E4E14B11A}.Release|Any CPU.ActiveCfg = Release|Any CPU
		{6277084D-9325-40CD-A566-229E4E14B11A}.Release|Any CPU.Build.0 = Release|Any CPU
	EndGlobalSection
EndGlobal
