
Microsoft Visual Studio Solution File, Format Version 12.00
Project("{FAE04EC0-301F-11D3-BF4B-00C04F79EFBC}") = "CPG-Level10", "CPG-Level10\CPG-Level10.csproj", "{191CBCD6-864F-4E13-8BEB-D72E264B91FE}"
EndProject
Global
	GlobalSection(SolutionConfigurationPlatforms) = preSolution
		Debug|Any CPU = Debug|Any CPU
		Release|Any CPU = Release|Any CPU
	EndGlobalSection
	GlobalSection(ProjectConfigurationPlatforms) = postSolution
		{191CBCD6-864F-4E13-8BEB-D72E264B91FE}.Debug|Any CPU.ActiveCfg = Debug|Any CPU
		{191CBCD6-864F-4E13-8BEB-D72E264B91FE}.Debug|Any CPU.Build.0 = Debug|Any CPU
		{191CBCD6-864F-4E13-8BEB-D72E264B91FE}.Release|Any CPU.ActiveCfg = Release|Any CPU
		{191CBCD6-864F-4E13-8BEB-D72E264B91FE}.Release|Any CPU.Build.0 = Release|Any CPU
	EndGlobalSection
EndGlobal
