
Microsoft Visual Studio Solution File, Format Version 12.00
Project("{FAE04EC0-301F-11D3-BF4B-00C04F79EFBC}") = "CPG35-Exeptis_Game", "CPG35-Exeptis_Game\CPG35-Exeptis_Game.csproj", "{DCEB13E8-C370-49A8-8661-62714E898CBE}"
EndProject
Global
	GlobalSection(SolutionConfigurationPlatforms) = preSolution
		Debug|Any CPU = Debug|Any CPU
		Release|Any CPU = Release|Any CPU
	EndGlobalSection
	GlobalSection(ProjectConfigurationPlatforms) = postSolution
		{DCEB13E8-C370-49A8-8661-62714E898CBE}.Debug|Any CPU.ActiveCfg = Debug|Any CPU
		{DCEB13E8-C370-49A8-8661-62714E898CBE}.Debug|Any CPU.Build.0 = Debug|Any CPU
		{DCEB13E8-C370-49A8-8661-62714E898CBE}.Release|Any CPU.ActiveCfg = Release|Any CPU
		{DCEB13E8-C370-49A8-8661-62714E898CBE}.Release|Any CPU.Build.0 = Release|Any CPU
	EndGlobalSection
EndGlobal
