
Microsoft Visual Studio Solution File, Format Version 12.00
Project("{FAE04EC0-301F-11D3-BF4B-00C04F79EFBC}") = "CPG-24-The Point", "CPG-24-The Point\CPG-24-The Point.csproj", "{89565886-F0FC-4F4B-9DF2-49C7C508367E}"
EndProject
Global
	GlobalSection(SolutionConfigurationPlatforms) = preSolution
		Debug|Any CPU = Debug|Any CPU
		Release|Any CPU = Release|Any CPU
	EndGlobalSection
	GlobalSection(ProjectConfigurationPlatforms) = postSolution
		{89565886-F0FC-4F4B-9DF2-49C7C508367E}.Debug|Any CPU.ActiveCfg = Debug|Any CPU
		{89565886-F0FC-4F4B-9DF2-49C7C508367E}.Debug|Any CPU.Build.0 = Debug|Any CPU
		{89565886-F0FC-4F4B-9DF2-49C7C508367E}.Release|Any CPU.ActiveCfg = Release|Any CPU
		{89565886-F0FC-4F4B-9DF2-49C7C508367E}.Release|Any CPU.Build.0 = Release|Any CPU
	EndGlobalSection
EndGlobal
