
Microsoft Visual Studio Solution File, Format Version 12.00
Project("{FAE04EC0-301F-11D3-BF4B-00C04F79EFBC}") = "CPG24-ThePoint-v2", "CPG24-ThePoint-v2\CPG24-ThePoint-v2.csproj", "{FBB1A56D-CFF6-46EF-AC01-10DC0A489566}"
EndProject
Global
	GlobalSection(SolutionConfigurationPlatforms) = preSolution
		Debug|Any CPU = Debug|Any CPU
		Release|Any CPU = Release|Any CPU
	EndGlobalSection
	GlobalSection(ProjectConfigurationPlatforms) = postSolution
		{FBB1A56D-CFF6-46EF-AC01-10DC0A489566}.Debug|Any CPU.ActiveCfg = Debug|Any CPU
		{FBB1A56D-CFF6-46EF-AC01-10DC0A489566}.Debug|Any CPU.Build.0 = Debug|Any CPU
		{FBB1A56D-CFF6-46EF-AC01-10DC0A489566}.Release|Any CPU.ActiveCfg = Release|Any CPU
		{FBB1A56D-CFF6-46EF-AC01-10DC0A489566}.Release|Any CPU.Build.0 = Release|Any CPU
	EndGlobalSection
EndGlobal
