
Microsoft Visual Studio Solution File, Format Version 12.00
Project("{FAE04EC0-301F-11D3-BF4B-00C04F79EFBC}") = "CPG38-The_Lambda_Sieve", "CPG38-The_Lambda_Sieve\CPG38-The_Lambda_Sieve.csproj", "{1CAF2D94-3852-474F-B5B7-A1411DC1F368}"
EndProject
Global
	GlobalSection(SolutionConfigurationPlatforms) = preSolution
		Debug|Any CPU = Debug|Any CPU
		Release|Any CPU = Release|Any CPU
	EndGlobalSection
	GlobalSection(ProjectConfigurationPlatforms) = postSolution
		{1CAF2D94-3852-474F-B5B7-A1411DC1F368}.Debug|Any CPU.ActiveCfg = Debug|Any CPU
		{1CAF2D94-3852-474F-B5B7-A1411DC1F368}.Debug|Any CPU.Build.0 = Debug|Any CPU
		{1CAF2D94-3852-474F-B5B7-A1411DC1F368}.Release|Any CPU.ActiveCfg = Release|Any CPU
		{1CAF2D94-3852-474F-B5B7-A1411DC1F368}.Release|Any CPU.Build.0 = Release|Any CPU
	EndGlobalSection
EndGlobal
