
Microsoft Visual Studio Solution File, Format Version 12.00
Project("{FAE04EC0-301F-11D3-BF4B-00C04F79EFBC}") = "CPG36-The_Sieve", "CPG36-The_Sieve\CPG36-The_Sieve.csproj", "{64EE929E-88F5-4BA7-BC2F-25D6218E9443}"
EndProject
Global
	GlobalSection(SolutionConfigurationPlatforms) = preSolution
		Debug|Any CPU = Debug|Any CPU
		Release|Any CPU = Release|Any CPU
	EndGlobalSection
	GlobalSection(ProjectConfigurationPlatforms) = postSolution
		{64EE929E-88F5-4BA7-BC2F-25D6218E9443}.Debug|Any CPU.ActiveCfg = Debug|Any CPU
		{64EE929E-88F5-4BA7-BC2F-25D6218E9443}.Debug|Any CPU.Build.0 = Debug|Any CPU
		{64EE929E-88F5-4BA7-BC2F-25D6218E9443}.Release|Any CPU.ActiveCfg = Release|Any CPU
		{64EE929E-88F5-4BA7-BC2F-25D6218E9443}.Release|Any CPU.Build.0 = Release|Any CPU
	EndGlobalSection
EndGlobal
